// !$*UTF8*$!
{
	archiveVersion = 1;
	classes = {
	};
	objectVersion = 46;
	objects = {

/* Begin PBXBuildFile section */
		424892D516E9052D00512E78 /* CCTwitterLoginManager.m in Sources */ = {isa = PBXBuildFile; fileRef = 424892D416E9052D00512E78 /* CCTwitterLoginManager.m */; };
		424892DC16E9060100512E78 /* TWAPIManager.m in Sources */ = {isa = PBXBuildFile; fileRef = 424892D916E9060100512E78 /* TWAPIManager.m */; };
		424892DE16E9060100512E78 /* TWSignedRequest.m in Sources */ = {isa = PBXBuildFile; fileRef = 424892DB16E9060100512E78 /* TWSignedRequest.m */; };
		4248930316E90C8900512E78 /* LICENSE in Resources */ = {isa = PBXBuildFile; fileRef = 424892FC16E90C8900512E78 /* LICENSE */; };
		4248930416E90C8900512E78 /* NSData+Base64.m in Sources */ = {isa = PBXBuildFile; fileRef = 424892FE16E90C8900512E78 /* NSData+Base64.m */; settings = {COMPILER_FLAGS = "-fno-objc-arc"; }; };
		4248930516E90C8900512E78 /* NSData+Base64.m in Sources */ = {isa = PBXBuildFile; fileRef = 424892FE16E90C8900512E78 /* NSData+Base64.m */; settings = {COMPILER_FLAGS = "-fno-objc-arc"; }; };
		4248930616E90C8900512E78 /* OAuth+Additions.m in Sources */ = {isa = PBXBuildFile; fileRef = 4248930016E90C8900512E78 /* OAuth+Additions.m */; settings = {COMPILER_FLAGS = "-fno-objc-arc"; }; };
		4248930716E90C8900512E78 /* OAuth+Additions.m in Sources */ = {isa = PBXBuildFile; fileRef = 4248930016E90C8900512E78 /* OAuth+Additions.m */; settings = {COMPILER_FLAGS = "-fno-objc-arc"; }; };
		4248930816E90C8900512E78 /* OAuthCore.m in Sources */ = {isa = PBXBuildFile; fileRef = 4248930216E90C8900512E78 /* OAuthCore.m */; settings = {COMPILER_FLAGS = "-fno-objc-arc"; }; };
		4248930916E90C8900512E78 /* OAuthCore.m in Sources */ = {isa = PBXBuildFile; fileRef = 4248930216E90C8900512E78 /* OAuthCore.m */; settings = {COMPILER_FLAGS = "-fno-objc-arc"; }; };
		4278B78C166B85E800D0FE59 /* Foundation.framework in Frameworks */ = {isa = PBXBuildFile; fileRef = 4278B78B166B85E800D0FE59 /* Foundation.framework */; };
		4278B791166B85E800D0FE59 /* CCKit.h in CopyFiles */ = {isa = PBXBuildFile; fileRef = 4278B790166B85E800D0FE59 /* CCKit.h */; };
		4278B793166B85E800D0FE59 /* CCKit.m in Sources */ = {isa = PBXBuildFile; fileRef = 4278B792166B85E800D0FE59 /* CCKit.m */; };
		4278B7A0166B860800D0FE59 /* UIKit.framework in Frameworks */ = {isa = PBXBuildFile; fileRef = 4278B79F166B860800D0FE59 /* UIKit.framework */; };
		4278B7A1166B860800D0FE59 /* Foundation.framework in Frameworks */ = {isa = PBXBuildFile; fileRef = 4278B78B166B85E800D0FE59 /* Foundation.framework */; };
		4278B7A3166B860800D0FE59 /* CoreGraphics.framework in Frameworks */ = {isa = PBXBuildFile; fileRef = 4278B7A2166B860800D0FE59 /* CoreGraphics.framework */; };
		4278B7A9166B860800D0FE59 /* InfoPlist.strings in Resources */ = {isa = PBXBuildFile; fileRef = 4278B7A7166B860800D0FE59 /* InfoPlist.strings */; };
		4278B7AB166B860800D0FE59 /* main.m in Sources */ = {isa = PBXBuildFile; fileRef = 4278B7AA166B860800D0FE59 /* main.m */; };
		4278B7AF166B860800D0FE59 /* AppDelegate.m in Sources */ = {isa = PBXBuildFile; fileRef = 4278B7AE166B860800D0FE59 /* AppDelegate.m */; };
		4278B7B1166B860800D0FE59 /* Default.png in Resources */ = {isa = PBXBuildFile; fileRef = 4278B7B0166B860800D0FE59 /* Default.png */; };
		4278B7B3166B860800D0FE59 /* Default@2x.png in Resources */ = {isa = PBXBuildFile; fileRef = 4278B7B2166B860800D0FE59 /* Default@2x.png */; };
		4278B7B5166B860800D0FE59 /* Default-568h@2x.png in Resources */ = {isa = PBXBuildFile; fileRef = 4278B7B4166B860800D0FE59 /* Default-568h@2x.png */; };
		4278B7B9166B862D00D0FE59 /* CCKit.m in Sources */ = {isa = PBXBuildFile; fileRef = 4278B792166B85E800D0FE59 /* CCKit.m */; };
		4278B7C5166B913400D0FE59 /* CCModel.m in Sources */ = {isa = PBXBuildFile; fileRef = 4278B7C4166B913400D0FE59 /* CCModel.m */; };
		4278B7C6166B913400D0FE59 /* CCModel.m in Sources */ = {isa = PBXBuildFile; fileRef = 4278B7C4166B913400D0FE59 /* CCModel.m */; };
		4278B7C9166CC8CB00D0FE59 /* CCModelViewController.m in Sources */ = {isa = PBXBuildFile; fileRef = 4278B7C8166CC8CB00D0FE59 /* CCModelViewController.m */; };
		4278B7CA166CC8CB00D0FE59 /* CCModelViewController.m in Sources */ = {isa = PBXBuildFile; fileRef = 4278B7C8166CC8CB00D0FE59 /* CCModelViewController.m */; };
		4278B7D5166CD28100D0FE59 /* CCHTTPModel.m in Sources */ = {isa = PBXBuildFile; fileRef = 4278B7D4166CD28100D0FE59 /* CCHTTPModel.m */; };
		4278B7D6166CD28100D0FE59 /* CCHTTPModel.m in Sources */ = {isa = PBXBuildFile; fileRef = 4278B7D4166CD28100D0FE59 /* CCHTTPModel.m */; };
		4278B7DA166CD77F00D0FE59 /* CCHTTPModelResponse.m in Sources */ = {isa = PBXBuildFile; fileRef = 4278B7D9166CD77F00D0FE59 /* CCHTTPModelResponse.m */; };
		4278B7DB166CD77F00D0FE59 /* CCHTTPModelResponse.m in Sources */ = {isa = PBXBuildFile; fileRef = 4278B7D9166CD77F00D0FE59 /* CCHTTPModelResponse.m */; };
		42982A6516F38FCF001A6CEB /* CCLoadingController.m in Sources */ = {isa = PBXBuildFile; fileRef = 42982A6416F38FCF001A6CEB /* CCLoadingController.m */; };
		429CF9D216E4CCA10098CF36 /* CCModelTableViewController.m in Sources */ = {isa = PBXBuildFile; fileRef = 429CF9D116E4CCA10098CF36 /* CCModelTableViewController.m */; };
/* End PBXBuildFile section */

/* Begin PBXCopyFilesBuildPhase section */
		4278B786166B85E800D0FE59 /* CopyFiles */ = {
			isa = PBXCopyFilesBuildPhase;
			buildActionMask = 2147483647;
			dstPath = "include/${PRODUCT_NAME}";
			dstSubfolderSpec = 16;
			files = (
				4278B791166B85E800D0FE59 /* CCKit.h in CopyFiles */,
			);
			runOnlyForDeploymentPostprocessing = 0;
		};
/* End PBXCopyFilesBuildPhase section */

/* Begin PBXFileReference section */
		424892D316E9052D00512E78 /* CCTwitterLoginManager.h */ = {isa = PBXFileReference; fileEncoding = 4; lastKnownFileType = sourcecode.c.h; path = CCTwitterLoginManager.h; sourceTree = "<group>"; };
		424892D416E9052D00512E78 /* CCTwitterLoginManager.m */ = {isa = PBXFileReference; fileEncoding = 4; lastKnownFileType = sourcecode.c.objc; path = CCTwitterLoginManager.m; sourceTree = "<group>"; };
		424892D816E9060100512E78 /* TWAPIManager.h */ = {isa = PBXFileReference; fileEncoding = 4; lastKnownFileType = sourcecode.c.h; path = TWAPIManager.h; sourceTree = "<group>"; };
		424892D916E9060100512E78 /* TWAPIManager.m */ = {isa = PBXFileReference; fileEncoding = 4; lastKnownFileType = sourcecode.c.objc; path = TWAPIManager.m; sourceTree = "<group>"; };
		424892DA16E9060100512E78 /* TWSignedRequest.h */ = {isa = PBXFileReference; fileEncoding = 4; lastKnownFileType = sourcecode.c.h; path = TWSignedRequest.h; sourceTree = "<group>"; };
		424892DB16E9060100512E78 /* TWSignedRequest.m */ = {isa = PBXFileReference; fileEncoding = 4; lastKnownFileType = sourcecode.c.objc; path = TWSignedRequest.m; sourceTree = "<group>"; };
		424892FC16E90C8900512E78 /* LICENSE */ = {isa = PBXFileReference; fileEncoding = 4; lastKnownFileType = text; path = LICENSE; sourceTree = "<group>"; };
		424892FD16E90C8900512E78 /* NSData+Base64.h */ = {isa = PBXFileReference; fileEncoding = 4; lastKnownFileType = sourcecode.c.h; path = "NSData+Base64.h"; sourceTree = "<group>"; };
		424892FE16E90C8900512E78 /* NSData+Base64.m */ = {isa = PBXFileReference; fileEncoding = 4; lastKnownFileType = sourcecode.c.objc; path = "NSData+Base64.m"; sourceTree = "<group>"; };
		424892FF16E90C8900512E78 /* OAuth+Additions.h */ = {isa = PBXFileReference; fileEncoding = 4; lastKnownFileType = sourcecode.c.h; path = "OAuth+Additions.h"; sourceTree = "<group>"; };
		4248930016E90C8900512E78 /* OAuth+Additions.m */ = {isa = PBXFileReference; fileEncoding = 4; lastKnownFileType = sourcecode.c.objc; path = "OAuth+Additions.m"; sourceTree = "<group>"; };
		4248930116E90C8900512E78 /* OAuthCore.h */ = {isa = PBXFileReference; fileEncoding = 4; lastKnownFileType = sourcecode.c.h; path = OAuthCore.h; sourceTree = "<group>"; };
		4248930216E90C8900512E78 /* OAuthCore.m */ = {isa = PBXFileReference; fileEncoding = 4; lastKnownFileType = sourcecode.c.objc; path = OAuthCore.m; sourceTree = "<group>"; };
		4278B788166B85E800D0FE59 /* libCCKit.a */ = {isa = PBXFileReference; explicitFileType = archive.ar; includeInIndex = 0; path = libCCKit.a; sourceTree = BUILT_PRODUCTS_DIR; };
		4278B78B166B85E800D0FE59 /* Foundation.framework */ = {isa = PBXFileReference; lastKnownFileType = wrapper.framework; name = Foundation.framework; path = System/Library/Frameworks/Foundation.framework; sourceTree = SDKROOT; };
		4278B78F166B85E800D0FE59 /* CCKit-Prefix.pch */ = {isa = PBXFileReference; lastKnownFileType = sourcecode.c.h; name = "CCKit-Prefix.pch"; path = "../CCKit-Prefix.pch"; sourceTree = "<group>"; };
		4278B790166B85E800D0FE59 /* CCKit.h */ = {isa = PBXFileReference; lastKnownFileType = sourcecode.c.h; path = CCKit.h; sourceTree = "<group>"; };
		4278B792166B85E800D0FE59 /* CCKit.m */ = {isa = PBXFileReference; lastKnownFileType = sourcecode.c.objc; path = CCKit.m; sourceTree = "<group>"; };
		4278B79D166B860800D0FE59 /* CCKitDemo.app */ = {isa = PBXFileReference; explicitFileType = wrapper.application; includeInIndex = 0; path = CCKitDemo.app; sourceTree = BUILT_PRODUCTS_DIR; };
		4278B79F166B860800D0FE59 /* UIKit.framework */ = {isa = PBXFileReference; lastKnownFileType = wrapper.framework; name = UIKit.framework; path = System/Library/Frameworks/UIKit.framework; sourceTree = SDKROOT; };
		4278B7A2166B860800D0FE59 /* CoreGraphics.framework */ = {isa = PBXFileReference; lastKnownFileType = wrapper.framework; name = CoreGraphics.framework; path = System/Library/Frameworks/CoreGraphics.framework; sourceTree = SDKROOT; };
		4278B7A6166B860800D0FE59 /* CCKitDemo-Info.plist */ = {isa = PBXFileReference; lastKnownFileType = text.plist.xml; path = "CCKitDemo-Info.plist"; sourceTree = "<group>"; };
		4278B7A8166B860800D0FE59 /* en */ = {isa = PBXFileReference; lastKnownFileType = text.plist.strings; name = en; path = en.lproj/InfoPlist.strings; sourceTree = "<group>"; };
		4278B7AA166B860800D0FE59 /* main.m */ = {isa = PBXFileReference; lastKnownFileType = sourcecode.c.objc; path = main.m; sourceTree = "<group>"; };
		4278B7AC166B860800D0FE59 /* CCKitDemo-Prefix.pch */ = {isa = PBXFileReference; lastKnownFileType = sourcecode.c.h; path = "CCKitDemo-Prefix.pch"; sourceTree = "<group>"; };
		4278B7AD166B860800D0FE59 /* AppDelegate.h */ = {isa = PBXFileReference; lastKnownFileType = sourcecode.c.h; path = AppDelegate.h; sourceTree = "<group>"; };
		4278B7AE166B860800D0FE59 /* AppDelegate.m */ = {isa = PBXFileReference; lastKnownFileType = sourcecode.c.objc; path = AppDelegate.m; sourceTree = "<group>"; };
		4278B7B0166B860800D0FE59 /* Default.png */ = {isa = PBXFileReference; lastKnownFileType = image.png; path = Default.png; sourceTree = "<group>"; };
		4278B7B2166B860800D0FE59 /* Default@2x.png */ = {isa = PBXFileReference; lastKnownFileType = image.png; path = "Default@2x.png"; sourceTree = "<group>"; };
		4278B7B4166B860800D0FE59 /* Default-568h@2x.png */ = {isa = PBXFileReference; lastKnownFileType = image.png; path = "Default-568h@2x.png"; sourceTree = "<group>"; };
		4278B7C2166B913400D0FE59 /* CCModel.h */ = {isa = PBXFileReference; fileEncoding = 4; lastKnownFileType = sourcecode.c.h; path = CCModel.h; sourceTree = "<group>"; };
		4278B7C3166B913400D0FE59 /* CCModelDelegate.h */ = {isa = PBXFileReference; fileEncoding = 4; lastKnownFileType = sourcecode.c.h; path = CCModelDelegate.h; sourceTree = "<group>"; };
		4278B7C4166B913400D0FE59 /* CCModel.m */ = {isa = PBXFileReference; fileEncoding = 4; lastKnownFileType = sourcecode.c.objc; path = CCModel.m; sourceTree = "<group>"; };
		4278B7C7166CC8CB00D0FE59 /* CCModelViewController.h */ = {isa = PBXFileReference; fileEncoding = 4; lastKnownFileType = sourcecode.c.h; path = CCModelViewController.h; sourceTree = "<group>"; };
		4278B7C8166CC8CB00D0FE59 /* CCModelViewController.m */ = {isa = PBXFileReference; fileEncoding = 4; lastKnownFileType = sourcecode.c.objc; path = CCModelViewController.m; sourceTree = "<group>"; };
		4278B7D3166CD28100D0FE59 /* CCHTTPModel.h */ = {isa = PBXFileReference; fileEncoding = 4; lastKnownFileType = sourcecode.c.h; path = CCHTTPModel.h; sourceTree = "<group>"; };
		4278B7D4166CD28100D0FE59 /* CCHTTPModel.m */ = {isa = PBXFileReference; fileEncoding = 4; lastKnownFileType = sourcecode.c.objc; path = CCHTTPModel.m; sourceTree = "<group>"; };
		4278B7D8166CD77F00D0FE59 /* CCHTTPModelResponse.h */ = {isa = PBXFileReference; fileEncoding = 4; lastKnownFileType = sourcecode.c.h; path = CCHTTPModelResponse.h; sourceTree = "<group>"; };
		4278B7D9166CD77F00D0FE59 /* CCHTTPModelResponse.m */ = {isa = PBXFileReference; fileEncoding = 4; lastKnownFileType = sourcecode.c.objc; path = CCHTTPModelResponse.m; sourceTree = "<group>"; };
		4278B7DD166CD89A00D0FE59 /* CCDefines.h */ = {isa = PBXFileReference; fileEncoding = 4; lastKnownFileType = sourcecode.c.h; path = CCDefines.h; sourceTree = "<group>"; };
		42982A6316F38FCF001A6CEB /* CCLoadingController.h */ = {isa = PBXFileReference; fileEncoding = 4; lastKnownFileType = sourcecode.c.h; path = CCLoadingController.h; sourceTree = "<group>"; };
		42982A6416F38FCF001A6CEB /* CCLoadingController.m */ = {isa = PBXFileReference; fileEncoding = 4; lastKnownFileType = sourcecode.c.objc; path = CCLoadingController.m; sourceTree = "<group>"; };
		429CF9D016E4CCA10098CF36 /* CCModelTableViewController.h */ = {isa = PBXFileReference; fileEncoding = 4; lastKnownFileType = sourcecode.c.h; path = CCModelTableViewController.h; sourceTree = "<group>"; };
		429CF9D116E4CCA10098CF36 /* CCModelTableViewController.m */ = {isa = PBXFileReference; fileEncoding = 4; lastKnownFileType = sourcecode.c.objc; path = CCModelTableViewController.m; sourceTree = "<group>"; };
/* End PBXFileReference section */

/* Begin PBXFrameworksBuildPhase section */
		4278B785166B85E800D0FE59 /* Frameworks */ = {
			isa = PBXFrameworksBuildPhase;
			buildActionMask = 2147483647;
			files = (
				4278B78C166B85E800D0FE59 /* Foundation.framework in Frameworks */,
			);
			runOnlyForDeploymentPostprocessing = 0;
		};
		4278B79A166B860700D0FE59 /* Frameworks */ = {
			isa = PBXFrameworksBuildPhase;
			buildActionMask = 2147483647;
			files = (
				4278B7A0166B860800D0FE59 /* UIKit.framework in Frameworks */,
				4278B7A1166B860800D0FE59 /* Foundation.framework in Frameworks */,
				4278B7A3166B860800D0FE59 /* CoreGraphics.framework in Frameworks */,
			);
			runOnlyForDeploymentPostprocessing = 0;
		};
/* End PBXFrameworksBuildPhase section */

/* Begin PBXGroup section */
		424892D116E9050D00512E78 /* Twitter */ = {
			isa = PBXGroup;
			children = (
				424892FB16E90C8900512E78 /* OAuthCore */,
				424892D716E9060100512E78 /* TWiOSReverseAuth */,
				424892D316E9052D00512E78 /* CCTwitterLoginManager.h */,
				424892D416E9052D00512E78 /* CCTwitterLoginManager.m */,
			);
			name = Twitter;
			sourceTree = "<group>";
		};
		424892D716E9060100512E78 /* TWiOSReverseAuth */ = {
			isa = PBXGroup;
			children = (
				424892D816E9060100512E78 /* TWAPIManager.h */,
				424892D916E9060100512E78 /* TWAPIManager.m */,
				424892DA16E9060100512E78 /* TWSignedRequest.h */,
				424892DB16E9060100512E78 /* TWSignedRequest.m */,
			);
			path = TWiOSReverseAuth;
			sourceTree = "<group>";
		};
		424892FB16E90C8900512E78 /* OAuthCore */ = {
			isa = PBXGroup;
			children = (
				424892FC16E90C8900512E78 /* LICENSE */,
				424892FD16E90C8900512E78 /* NSData+Base64.h */,
				424892FE16E90C8900512E78 /* NSData+Base64.m */,
				424892FF16E90C8900512E78 /* OAuth+Additions.h */,
				4248930016E90C8900512E78 /* OAuth+Additions.m */,
				4248930116E90C8900512E78 /* OAuthCore.h */,
				4248930216E90C8900512E78 /* OAuthCore.m */,
			);
			path = OAuthCore;
			sourceTree = "<group>";
		};
		4278B77D166B85E800D0FE59 = {
			isa = PBXGroup;
			children = (
				4278B78D166B85E800D0FE59 /* CCKit */,
				4278B7A4166B860800D0FE59 /* CCKitDemo */,
				4278B78E166B85E800D0FE59 /* Supporting Files */,
				4278B78A166B85E800D0FE59 /* Frameworks */,
				4278B789166B85E800D0FE59 /* Products */,
			);
			sourceTree = "<group>";
		};
		4278B789166B85E800D0FE59 /* Products */ = {
			isa = PBXGroup;
			children = (
				4278B788166B85E800D0FE59 /* libCCKit.a */,
				4278B79D166B860800D0FE59 /* CCKitDemo.app */,
			);
			name = Products;
			sourceTree = "<group>";
		};
		4278B78A166B85E800D0FE59 /* Frameworks */ = {
			isa = PBXGroup;
			children = (
				4278B78B166B85E800D0FE59 /* Foundation.framework */,
				4278B79F166B860800D0FE59 /* UIKit.framework */,
				4278B7A2166B860800D0FE59 /* CoreGraphics.framework */,
			);
			name = Frameworks;
			sourceTree = "<group>";
		};
		4278B78D166B85E800D0FE59 /* CCKit */ = {
			isa = PBXGroup;
			children = (
				424892D116E9050D00512E78 /* Twitter */,
				4278B7DC166CD87000D0FE59 /* Common */,
				4278B7C1166B912400D0FE59 /* Model */,
				4278B7D2166CD23100D0FE59 /* View Controllers */,
				42982A6116F38FB3001A6CEB /* Controls */,
				4278B790166B85E800D0FE59 /* CCKit.h */,
				4278B792166B85E800D0FE59 /* CCKit.m */,
			);
			path = CCKit;
			sourceTree = "<group>";
		};
		4278B78E166B85E800D0FE59 /* Supporting Files */ = {
			isa = PBXGroup;
			children = (
				4278B78F166B85E800D0FE59 /* CCKit-Prefix.pch */,
			);
			name = "Supporting Files";
			path = CCKit;
			sourceTree = "<group>";
		};
		4278B7A4166B860800D0FE59 /* CCKitDemo */ = {
			isa = PBXGroup;
			children = (
				4278B7AD166B860800D0FE59 /* AppDelegate.h */,
				4278B7AE166B860800D0FE59 /* AppDelegate.m */,
				4278B7A5166B860800D0FE59 /* Supporting Files */,
			);
			path = CCKitDemo;
			sourceTree = "<group>";
		};
		4278B7A5166B860800D0FE59 /* Supporting Files */ = {
			isa = PBXGroup;
			children = (
				4278B7A6166B860800D0FE59 /* CCKitDemo-Info.plist */,
				4278B7A7166B860800D0FE59 /* InfoPlist.strings */,
				4278B7AA166B860800D0FE59 /* main.m */,
				4278B7AC166B860800D0FE59 /* CCKitDemo-Prefix.pch */,
				4278B7B0166B860800D0FE59 /* Default.png */,
				4278B7B2166B860800D0FE59 /* Default@2x.png */,
				4278B7B4166B860800D0FE59 /* Default-568h@2x.png */,
			);
			name = "Supporting Files";
			sourceTree = "<group>";
		};
		4278B7C1166B912400D0FE59 /* Model */ = {
			isa = PBXGroup;
			children = (
				4278B7C3166B913400D0FE59 /* CCModelDelegate.h */,
				4278B7C2166B913400D0FE59 /* CCModel.h */,
				4278B7C4166B913400D0FE59 /* CCModel.m */,
				4278B7D3166CD28100D0FE59 /* CCHTTPModel.h */,
				4278B7D4166CD28100D0FE59 /* CCHTTPModel.m */,
				4278B7D8166CD77F00D0FE59 /* CCHTTPModelResponse.h */,
				4278B7D9166CD77F00D0FE59 /* CCHTTPModelResponse.m */,
			);
			name = Model;
			sourceTree = "<group>";
		};
		4278B7D2166CD23100D0FE59 /* View Controllers */ = {
			isa = PBXGroup;
			children = (
				4278B7C7166CC8CB00D0FE59 /* CCModelViewController.h */,
				4278B7C8166CC8CB00D0FE59 /* CCModelViewController.m */,
				429CF9D016E4CCA10098CF36 /* CCModelTableViewController.h */,
				429CF9D116E4CCA10098CF36 /* CCModelTableViewController.m */,
			);
			name = "View Controllers";
			sourceTree = "<group>";
		};
		4278B7DC166CD87000D0FE59 /* Common */ = {
			isa = PBXGroup;
			children = (
				4278B7DD166CD89A00D0FE59 /* CCDefines.h */,
			);
			name = Common;
			sourceTree = "<group>";
		};
		42982A6116F38FB3001A6CEB /* Controls */ = {
			isa = PBXGroup;
			children = (
				42982A6316F38FCF001A6CEB /* CCLoadingController.h */,
				42982A6416F38FCF001A6CEB /* CCLoadingController.m */,
			);
			name = Controls;
			sourceTree = "<group>";
		};
/* End PBXGroup section */

/* Begin PBXNativeTarget section */
		4278B787166B85E800D0FE59 /* CCKit */ = {
			isa = PBXNativeTarget;
			buildConfigurationList = 4278B796166B85E800D0FE59 /* Build configuration list for PBXNativeTarget "CCKit" */;
			buildPhases = (
				4278B784166B85E800D0FE59 /* Sources */,
				4278B785166B85E800D0FE59 /* Frameworks */,
				4278B786166B85E800D0FE59 /* CopyFiles */,
			);
			buildRules = (
			);
			dependencies = (
			);
			name = CCKit;
			productName = CCKit;
			productReference = 4278B788166B85E800D0FE59 /* libCCKit.a */;
			productType = "com.apple.product-type.library.static";
		};
		4278B79C166B860700D0FE59 /* CCKitDemo */ = {
			isa = PBXNativeTarget;
			buildConfigurationList = 4278B7B6166B860800D0FE59 /* Build configuration list for PBXNativeTarget "CCKitDemo" */;
			buildPhases = (
				4278B799166B860700D0FE59 /* Sources */,
				4278B79A166B860700D0FE59 /* Frameworks */,
				4278B79B166B860700D0FE59 /* Resources */,
			);
			buildRules = (
			);
			dependencies = (
			);
			name = CCKitDemo;
			productName = CCKitDemo;
			productReference = 4278B79D166B860800D0FE59 /* CCKitDemo.app */;
			productType = "com.apple.product-type.application";
		};
/* End PBXNativeTarget section */

/* Begin PBXProject section */
		4278B77F166B85E800D0FE59 /* Project object */ = {
			isa = PBXProject;
			attributes = {
				LastUpgradeCheck = 0450;
				ORGANIZATIONNAME = "Cliq Consulting";
			};
			buildConfigurationList = 4278B782166B85E800D0FE59 /* Build configuration list for PBXProject "CCKit" */;
			compatibilityVersion = "Xcode 3.2";
			developmentRegion = English;
			hasScannedForEncodings = 0;
			knownRegions = (
				en,
			);
			mainGroup = 4278B77D166B85E800D0FE59;
			productRefGroup = 4278B789166B85E800D0FE59 /* Products */;
			projectDirPath = "";
			projectRoot = "";
			targets = (
				4278B787166B85E800D0FE59 /* CCKit */,
				4278B79C166B860700D0FE59 /* CCKitDemo */,
			);
		};
/* End PBXProject section */

/* Begin PBXResourcesBuildPhase section */
		4278B79B166B860700D0FE59 /* Resources */ = {
			isa = PBXResourcesBuildPhase;
			buildActionMask = 2147483647;
			files = (
				4278B7A9166B860800D0FE59 /* InfoPlist.strings in Resources */,
				4278B7B1166B860800D0FE59 /* Default.png in Resources */,
				4278B7B3166B860800D0FE59 /* Default@2x.png in Resources */,
				4278B7B5166B860800D0FE59 /* Default-568h@2x.png in Resources */,
				4248930316E90C8900512E78 /* LICENSE in Resources */,
			);
			runOnlyForDeploymentPostprocessing = 0;
		};
/* End PBXResourcesBuildPhase section */

/* Begin PBXSourcesBuildPhase section */
		4278B784166B85E800D0FE59 /* Sources */ = {
			isa = PBXSourcesBuildPhase;
			buildActionMask = 2147483647;
			files = (
				4278B793166B85E800D0FE59 /* CCKit.m in Sources */,
				4278B7C5166B913400D0FE59 /* CCModel.m in Sources */,
				4278B7C9166CC8CB00D0FE59 /* CCModelViewController.m in Sources */,
				4278B7D5166CD28100D0FE59 /* CCHTTPModel.m in Sources */,
				4278B7DA166CD77F00D0FE59 /* CCHTTPModelResponse.m in Sources */,
				429CF9D216E4CCA10098CF36 /* CCModelTableViewController.m in Sources */,
				424892D516E9052D00512E78 /* CCTwitterLoginManager.m in Sources */,
				424892DC16E9060100512E78 /* TWAPIManager.m in Sources */,
				424892DE16E9060100512E78 /* TWSignedRequest.m in Sources */,
				4248930416E90C8900512E78 /* NSData+Base64.m in Sources */,
				4248930616E90C8900512E78 /* OAuth+Additions.m in Sources */,
				4248930816E90C8900512E78 /* OAuthCore.m in Sources */,
				42982A6516F38FCF001A6CEB /* CCLoadingController.m in Sources */,
			);
			runOnlyForDeploymentPostprocessing = 0;
		};
		4278B799166B860700D0FE59 /* Sources */ = {
			isa = PBXSourcesBuildPhase;
			buildActionMask = 2147483647;
			files = (
				4278B7AB166B860800D0FE59 /* main.m in Sources */,
				4278B7AF166B860800D0FE59 /* AppDelegate.m in Sources */,
				4278B7B9166B862D00D0FE59 /* CCKit.m in Sources */,
				4278B7C6166B913400D0FE59 /* CCModel.m in Sources */,
				4278B7CA166CC8CB00D0FE59 /* CCModelViewController.m in Sources */,
				4278B7D6166CD28100D0FE59 /* CCHTTPModel.m in Sources */,
				4278B7DB166CD77F00D0FE59 /* CCHTTPModelResponse.m in Sources */,
				4248930516E90C8900512E78 /* NSData+Base64.m in Sources */,
				4248930716E90C8900512E78 /* OAuth+Additions.m in Sources */,
				4248930916E90C8900512E78 /* OAuthCore.m in Sources */,
			);
			runOnlyForDeploymentPostprocessing = 0;
		};
/* End PBXSourcesBuildPhase section */

/* Begin PBXVariantGroup section */
		4278B7A7166B860800D0FE59 /* InfoPlist.strings */ = {
			isa = PBXVariantGroup;
			children = (
				4278B7A8166B860800D0FE59 /* en */,
			);
			name = InfoPlist.strings;
			sourceTree = "<group>";
		};
/* End PBXVariantGroup section */

/* Begin XCBuildConfiguration section */
		4278B794166B85E800D0FE59 /* Debug */ = {
			isa = XCBuildConfiguration;
			buildSettings = {
				ALWAYS_SEARCH_USER_PATHS = NO;
				CLANG_CXX_LANGUAGE_STANDARD = "gnu++0x";
				CLANG_CXX_LIBRARY = "libc++";
				CLANG_ENABLE_OBJC_ARC = YES;
				CLANG_WARN_EMPTY_BODY = YES;
				CLANG_WARN__DUPLICATE_METHOD_MATCH = YES;
				COPY_PHASE_STRIP = NO;
				GCC_C_LANGUAGE_STANDARD = gnu99;
				GCC_DYNAMIC_NO_PIC = NO;
				GCC_OPTIMIZATION_LEVEL = 0;
				GCC_PREPROCESSOR_DEFINITIONS = (
					"DEBUG=1",
					"$(inherited)",
				);
				GCC_SYMBOLS_PRIVATE_EXTERN = NO;
				GCC_WARN_ABOUT_RETURN_TYPE = YES;
				GCC_WARN_UNINITIALIZED_AUTOS = YES;
				GCC_WARN_UNUSED_VARIABLE = YES;
				IPHONEOS_DEPLOYMENT_TARGET = 6.0;
				ONLY_ACTIVE_ARCH = YES;
				SDKROOT = iphoneos;
			};
			name = Debug;
		};
		4278B795166B85E800D0FE59 /* Release */ = {
			isa = XCBuildConfiguration;
			buildSettings = {
				ALWAYS_SEARCH_USER_PATHS = NO;
				CLANG_CXX_LANGUAGE_STANDARD = "gnu++0x";
				CLANG_CXX_LIBRARY = "libc++";
				CLANG_ENABLE_OBJC_ARC = YES;
				CLANG_WARN_EMPTY_BODY = YES;
				CLANG_WARN__DUPLICATE_METHOD_MATCH = YES;
				COPY_PHASE_STRIP = YES;
				GCC_C_LANGUAGE_STANDARD = gnu99;
				GCC_WARN_ABOUT_RETURN_TYPE = YES;
				GCC_WARN_UNINITIALIZED_AUTOS = YES;
				GCC_WARN_UNUSED_VARIABLE = YES;
				IPHONEOS_DEPLOYMENT_TARGET = 6.0;
				SDKROOT = iphoneos;
				VALIDATE_PRODUCT = YES;
			};
			name = Release;
		};
		4278B797166B85E800D0FE59 /* Debug */ = {
			isa = XCBuildConfiguration;
			buildSettings = {
				DSTROOT = /tmp/CCKit.dst;
				GCC_PRECOMPILE_PREFIX_HEADER = YES;
				GCC_PREFIX_HEADER = "CCKit/CCKit-Prefix.pch";
				OTHER_LDFLAGS = "-ObjC";
				PRODUCT_NAME = "$(TARGET_NAME)";
				SKIP_INSTALL = YES;
			};
			name = Debug;
		};
		4278B798166B85E800D0FE59 /* Release */ = {
			isa = XCBuildConfiguration;
			buildSettings = {
				DSTROOT = /tmp/CCKit.dst;
				GCC_PRECOMPILE_PREFIX_HEADER = YES;
				GCC_PREFIX_HEADER = "CCKit/CCKit-Prefix.pch";
				OTHER_LDFLAGS = "-ObjC";
				PRODUCT_NAME = "$(TARGET_NAME)";
				SKIP_INSTALL = YES;
			};
			name = Release;
		};
		4278B7B7166B860800D0FE59 /* Debug */ = {
			isa = XCBuildConfiguration;
			buildSettings = {
				"CODE_SIGN_IDENTITY[sdk=iphoneos*]" = "iPhone Developer";
				GCC_PRECOMPILE_PREFIX_HEADER = YES;
				GCC_PREFIX_HEADER = "CCKitDemo/CCKitDemo-Prefix.pch";
				INFOPLIST_FILE = "CCKitDemo/CCKitDemo-Info.plist";
				PRODUCT_NAME = "$(TARGET_NAME)";
				WRAPPER_EXTENSION = app;
			};
			name = Debug;
		};
		4278B7B8166B860800D0FE59 /* Release */ = {
			isa = XCBuildConfiguration;
			buildSettings = {
				"CODE_SIGN_IDENTITY[sdk=iphoneos*]" = "iPhone Developer";
				GCC_PRECOMPILE_PREFIX_HEADER = YES;
				GCC_PREFIX_HEADER = "CCKitDemo/CCKitDemo-Prefix.pch";
				INFOPLIST_FILE = "CCKitDemo/CCKitDemo-Info.plist";
				OTHER_CFLAGS = "-DNS_BLOCK_ASSERTIONS=1";
				PRODUCT_NAME = "$(TARGET_NAME)";
				WRAPPER_EXTENSION = app;
			};
			name = Release;
		};
/* End XCBuildConfiguration section */

/* Begin XCConfigurationList section */
		4278B782166B85E800D0FE59 /* Build configuration list for PBXProject "CCKit" */ = {
			isa = XCConfigurationList;
			buildConfigurations = (
				4278B794166B85E800D0FE59 /* Debug */,
				4278B795166B85E800D0FE59 /* Release */,
			);
			defaultConfigurationIsVisible = 0;
			defaultConfigurationName = Release;
		};
		4278B796166B85E800D0FE59 /* Build configuration list for PBXNativeTarget "CCKit" */ = {
			isa = XCConfigurationList;
			buildConfigurations = (
				4278B797166B85E800D0FE59 /* Debug */,
				4278B798166B85E800D0FE59 /* Release */,
			);
			defaultConfigurationIsVisible = 0;
			defaultConfigurationName = Release;
		};
		4278B7B6166B860800D0FE59 /* Build configuration list for PBXNativeTarget "CCKitDemo" */ = {
			isa = XCConfigurationList;
			buildConfigurations = (
				4278B7B7166B860800D0FE59 /* Debug */,
				4278B7B8166B860800D0FE59 /* Release */,
			);
			defaultConfigurationIsVisible = 0;
			defaultConfigurationName = Release;
		};
/* End XCConfigurationList section */
	};
	rootObject = 4278B77F166B85E800D0FE59 /* Project object */;
}
