// !$*UTF8*$!
{
	archiveVersion = 1;
	classes = {
	};
	objectVersion = 46;
	objects = {

/* Begin PBXBuildFile section */
		4278B78C166B85E800D0FE59 /* Foundation.framework in Frameworks */ = {isa = PBXBuildFile; fileRef = 4278B78B166B85E800D0FE59 /* Foundation.framework */; };
		4278B791166B85E800D0FE59 /* AFKit.h in CopyFiles */ = {isa = PBXBuildFile; fileRef = 4278B790166B85E800D0FE59 /* AFKit.h */; };
		4278B793166B85E800D0FE59 /* AFKit.m in Sources */ = {isa = PBXBuildFile; fileRef = 4278B792166B85E800D0FE59 /* AFKit.m */; };
		4278B7A0166B860800D0FE59 /* UIKit.framework in Frameworks */ = {isa = PBXBuildFile; fileRef = 4278B79F166B860800D0FE59 /* UIKit.framework */; };
		4278B7A1166B860800D0FE59 /* Foundation.framework in Frameworks */ = {isa = PBXBuildFile; fileRef = 4278B78B166B85E800D0FE59 /* Foundation.framework */; };
		4278B7A3166B860800D0FE59 /* CoreGraphics.framework in Frameworks */ = {isa = PBXBuildFile; fileRef = 4278B7A2166B860800D0FE59 /* CoreGraphics.framework */; };
		4278B7A9166B860800D0FE59 /* InfoPlist.strings in Resources */ = {isa = PBXBuildFile; fileRef = 4278B7A7166B860800D0FE59 /* InfoPlist.strings */; };
		4278B7AB166B860800D0FE59 /* main.m in Sources */ = {isa = PBXBuildFile; fileRef = 4278B7AA166B860800D0FE59 /* main.m */; };
		4278B7AF166B860800D0FE59 /* AppDelegate.m in Sources */ = {isa = PBXBuildFile; fileRef = 4278B7AE166B860800D0FE59 /* AppDelegate.m */; };
		4278B7B1166B860800D0FE59 /* Default.png in Resources */ = {isa = PBXBuildFile; fileRef = 4278B7B0166B860800D0FE59 /* Default.png */; };
		4278B7B3166B860800D0FE59 /* Default@2x.png in Resources */ = {isa = PBXBuildFile; fileRef = 4278B7B2166B860800D0FE59 /* Default@2x.png */; };
		4278B7B5166B860800D0FE59 /* Default-568h@2x.png in Resources */ = {isa = PBXBuildFile; fileRef = 4278B7B4166B860800D0FE59 /* Default-568h@2x.png */; };
		4278B7B9166B862D00D0FE59 /* AFKit.m in Sources */ = {isa = PBXBuildFile; fileRef = 4278B792166B85E800D0FE59 /* AFKit.m */; };
		4278B7C5166B913400D0FE59 /* AFModel.m in Sources */ = {isa = PBXBuildFile; fileRef = 4278B7C4166B913400D0FE59 /* AFModel.m */; };
		4278B7C6166B913400D0FE59 /* AFModel.m in Sources */ = {isa = PBXBuildFile; fileRef = 4278B7C4166B913400D0FE59 /* AFModel.m */; };
/* End PBXBuildFile section */

/* Begin PBXCopyFilesBuildPhase section */
		4278B786166B85E800D0FE59 /* CopyFiles */ = {
			isa = PBXCopyFilesBuildPhase;
			buildActionMask = 2147483647;
			dstPath = "include/${PRODUCT_NAME}";
			dstSubfolderSpec = 16;
			files = (
				4278B791166B85E800D0FE59 /* AFKit.h in CopyFiles */,
			);
			runOnlyForDeploymentPostprocessing = 0;
		};
/* End PBXCopyFilesBuildPhase section */

/* Begin PBXFileReference section */
		4278B788166B85E800D0FE59 /* libAFKit.a */ = {isa = PBXFileReference; explicitFileType = archive.ar; includeInIndex = 0; path = libAFKit.a; sourceTree = BUILT_PRODUCTS_DIR; };
		4278B78B166B85E800D0FE59 /* Foundation.framework */ = {isa = PBXFileReference; lastKnownFileType = wrapper.framework; name = Foundation.framework; path = System/Library/Frameworks/Foundation.framework; sourceTree = SDKROOT; };
		4278B78F166B85E800D0FE59 /* AFKit-Prefix.pch */ = {isa = PBXFileReference; lastKnownFileType = sourcecode.c.h; path = "AFKit-Prefix.pch"; sourceTree = "<group>"; };
		4278B790166B85E800D0FE59 /* AFKit.h */ = {isa = PBXFileReference; lastKnownFileType = sourcecode.c.h; path = AFKit.h; sourceTree = "<group>"; };
		4278B792166B85E800D0FE59 /* AFKit.m */ = {isa = PBXFileReference; lastKnownFileType = sourcecode.c.objc; path = AFKit.m; sourceTree = "<group>"; };
		4278B79D166B860800D0FE59 /* AFKitDemo.app */ = {isa = PBXFileReference; explicitFileType = wrapper.application; includeInIndex = 0; path = AFKitDemo.app; sourceTree = BUILT_PRODUCTS_DIR; };
		4278B79F166B860800D0FE59 /* UIKit.framework */ = {isa = PBXFileReference; lastKnownFileType = wrapper.framework; name = UIKit.framework; path = System/Library/Frameworks/UIKit.framework; sourceTree = SDKROOT; };
		4278B7A2166B860800D0FE59 /* CoreGraphics.framework */ = {isa = PBXFileReference; lastKnownFileType = wrapper.framework; name = CoreGraphics.framework; path = System/Library/Frameworks/CoreGraphics.framework; sourceTree = SDKROOT; };
		4278B7A6166B860800D0FE59 /* AFKitDemo-Info.plist */ = {isa = PBXFileReference; lastKnownFileType = text.plist.xml; path = "AFKitDemo-Info.plist"; sourceTree = "<group>"; };
		4278B7A8166B860800D0FE59 /* en */ = {isa = PBXFileReference; lastKnownFileType = text.plist.strings; name = en; path = en.lproj/InfoPlist.strings; sourceTree = "<group>"; };
		4278B7AA166B860800D0FE59 /* main.m */ = {isa = PBXFileReference; lastKnownFileType = sourcecode.c.objc; path = main.m; sourceTree = "<group>"; };
		4278B7AC166B860800D0FE59 /* AFKitDemo-Prefix.pch */ = {isa = PBXFileReference; lastKnownFileType = sourcecode.c.h; path = "AFKitDemo-Prefix.pch"; sourceTree = "<group>"; };
		4278B7AD166B860800D0FE59 /* AppDelegate.h */ = {isa = PBXFileReference; lastKnownFileType = sourcecode.c.h; path = AppDelegate.h; sourceTree = "<group>"; };
		4278B7AE166B860800D0FE59 /* AppDelegate.m */ = {isa = PBXFileReference; lastKnownFileType = sourcecode.c.objc; path = AppDelegate.m; sourceTree = "<group>"; };
		4278B7B0166B860800D0FE59 /* Default.png */ = {isa = PBXFileReference; lastKnownFileType = image.png; path = Default.png; sourceTree = "<group>"; };
		4278B7B2166B860800D0FE59 /* Default@2x.png */ = {isa = PBXFileReference; lastKnownFileType = image.png; path = "Default@2x.png"; sourceTree = "<group>"; };
		4278B7B4166B860800D0FE59 /* Default-568h@2x.png */ = {isa = PBXFileReference; lastKnownFileType = image.png; path = "Default-568h@2x.png"; sourceTree = "<group>"; };
		4278B7C2166B913400D0FE59 /* AFModel.h */ = {isa = PBXFileReference; fileEncoding = 4; lastKnownFileType = sourcecode.c.h; path = AFModel.h; sourceTree = "<group>"; };
		4278B7C3166B913400D0FE59 /* AFModelDelegate.h */ = {isa = PBXFileReference; fileEncoding = 4; lastKnownFileType = sourcecode.c.h; path = AFModelDelegate.h; sourceTree = "<group>"; };
		4278B7C4166B913400D0FE59 /* AFModel.m */ = {isa = PBXFileReference; fileEncoding = 4; lastKnownFileType = sourcecode.c.objc; path = AFModel.m; sourceTree = "<group>"; };
/* End PBXFileReference section */

/* Begin PBXFrameworksBuildPhase section */
		4278B785166B85E800D0FE59 /* Frameworks */ = {
			isa = PBXFrameworksBuildPhase;
			buildActionMask = 2147483647;
			files = (
				4278B78C166B85E800D0FE59 /* Foundation.framework in Frameworks */,
			);
			runOnlyForDeploymentPostprocessing = 0;
		};
		4278B79A166B860700D0FE59 /* Frameworks */ = {
			isa = PBXFrameworksBuildPhase;
			buildActionMask = 2147483647;
			files = (
				4278B7A0166B860800D0FE59 /* UIKit.framework in Frameworks */,
				4278B7A1166B860800D0FE59 /* Foundation.framework in Frameworks */,
				4278B7A3166B860800D0FE59 /* CoreGraphics.framework in Frameworks */,
			);
			runOnlyForDeploymentPostprocessing = 0;
		};
/* End PBXFrameworksBuildPhase section */

/* Begin PBXGroup section */
		4278B77D166B85E800D0FE59 = {
			isa = PBXGroup;
			children = (
				4278B78D166B85E800D0FE59 /* AFKit */,
				4278B7A4166B860800D0FE59 /* AFKitDemo */,
				4278B78A166B85E800D0FE59 /* Frameworks */,
				4278B789166B85E800D0FE59 /* Products */,
			);
			sourceTree = "<group>";
		};
		4278B789166B85E800D0FE59 /* Products */ = {
			isa = PBXGroup;
			children = (
				4278B788166B85E800D0FE59 /* libAFKit.a */,
				4278B79D166B860800D0FE59 /* AFKitDemo.app */,
			);
			name = Products;
			sourceTree = "<group>";
		};
		4278B78A166B85E800D0FE59 /* Frameworks */ = {
			isa = PBXGroup;
			children = (
				4278B78B166B85E800D0FE59 /* Foundation.framework */,
				4278B79F166B860800D0FE59 /* UIKit.framework */,
				4278B7A2166B860800D0FE59 /* CoreGraphics.framework */,
			);
			name = Frameworks;
			sourceTree = "<group>";
		};
		4278B78D166B85E800D0FE59 /* AFKit */ = {
			isa = PBXGroup;
			children = (
				4278B7C1166B912400D0FE59 /* Model */,
				4278B790166B85E800D0FE59 /* AFKit.h */,
				4278B792166B85E800D0FE59 /* AFKit.m */,
				4278B78E166B85E800D0FE59 /* Supporting Files */,
			);
			path = AFKit;
			sourceTree = "<group>";
		};
		4278B78E166B85E800D0FE59 /* Supporting Files */ = {
			isa = PBXGroup;
			children = (
				4278B78F166B85E800D0FE59 /* AFKit-Prefix.pch */,
			);
			name = "Supporting Files";
			sourceTree = "<group>";
		};
		4278B7A4166B860800D0FE59 /* AFKitDemo */ = {
			isa = PBXGroup;
			children = (
				4278B7AD166B860800D0FE59 /* AppDelegate.h */,
				4278B7AE166B860800D0FE59 /* AppDelegate.m */,
				4278B7A5166B860800D0FE59 /* Supporting Files */,
			);
			path = AFKitDemo;
			sourceTree = "<group>";
		};
		4278B7A5166B860800D0FE59 /* Supporting Files */ = {
			isa = PBXGroup;
			children = (
				4278B7A6166B860800D0FE59 /* AFKitDemo-Info.plist */,
				4278B7A7166B860800D0FE59 /* InfoPlist.strings */,
				4278B7AA166B860800D0FE59 /* main.m */,
				4278B7AC166B860800D0FE59 /* AFKitDemo-Prefix.pch */,
				4278B7B0166B860800D0FE59 /* Default.png */,
				4278B7B2166B860800D0FE59 /* Default@2x.png */,
				4278B7B4166B860800D0FE59 /* Default-568h@2x.png */,
			);
			name = "Supporting Files";
			sourceTree = "<group>";
		};
		4278B7C1166B912400D0FE59 /* Model */ = {
			isa = PBXGroup;
			children = (
				4278B7C3166B913400D0FE59 /* AFModelDelegate.h */,
				4278B7C2166B913400D0FE59 /* AFModel.h */,
				4278B7C4166B913400D0FE59 /* AFModel.m */,
			);
			name = Model;
			sourceTree = "<group>";
		};
/* End PBXGroup section */

/* Begin PBXNativeTarget section */
		4278B787166B85E800D0FE59 /* AFKit */ = {
			isa = PBXNativeTarget;
			buildConfigurationList = 4278B796166B85E800D0FE59 /* Build configuration list for PBXNativeTarget "AFKit" */;
			buildPhases = (
				4278B784166B85E800D0FE59 /* Sources */,
				4278B785166B85E800D0FE59 /* Frameworks */,
				4278B786166B85E800D0FE59 /* CopyFiles */,
			);
			buildRules = (
			);
			dependencies = (
			);
			name = AFKit;
			productName = AFKit;
			productReference = 4278B788166B85E800D0FE59 /* libAFKit.a */;
			productType = "com.apple.product-type.library.static";
		};
		4278B79C166B860700D0FE59 /* AFKitDemo */ = {
			isa = PBXNativeTarget;
			buildConfigurationList = 4278B7B6166B860800D0FE59 /* Build configuration list for PBXNativeTarget "AFKitDemo" */;
			buildPhases = (
				4278B799166B860700D0FE59 /* Sources */,
				4278B79A166B860700D0FE59 /* Frameworks */,
				4278B79B166B860700D0FE59 /* Resources */,
			);
			buildRules = (
			);
			dependencies = (
			);
			name = AFKitDemo;
			productName = AFKitDemo;
			productReference = 4278B79D166B860800D0FE59 /* AFKitDemo.app */;
			productType = "com.apple.product-type.application";
		};
/* End PBXNativeTarget section */

/* Begin PBXProject section */
		4278B77F166B85E800D0FE59 /* Project object */ = {
			isa = PBXProject;
			attributes = {
				LastUpgradeCheck = 0450;
				ORGANIZATIONNAME = "Cliq Consulting";
			};
			buildConfigurationList = 4278B782166B85E800D0FE59 /* Build configuration list for PBXProject "AFKit" */;
			compatibilityVersion = "Xcode 3.2";
			developmentRegion = English;
			hasScannedForEncodings = 0;
			knownRegions = (
				en,
			);
			mainGroup = 4278B77D166B85E800D0FE59;
			productRefGroup = 4278B789166B85E800D0FE59 /* Products */;
			projectDirPath = "";
			projectRoot = "";
			targets = (
				4278B787166B85E800D0FE59 /* AFKit */,
				4278B79C166B860700D0FE59 /* AFKitDemo */,
			);
		};
/* End PBXProject section */

/* Begin PBXResourcesBuildPhase section */
		4278B79B166B860700D0FE59 /* Resources */ = {
			isa = PBXResourcesBuildPhase;
			buildActionMask = 2147483647;
			files = (
				4278B7A9166B860800D0FE59 /* InfoPlist.strings in Resources */,
				4278B7B1166B860800D0FE59 /* Default.png in Resources */,
				4278B7B3166B860800D0FE59 /* Default@2x.png in Resources */,
				4278B7B5166B860800D0FE59 /* Default-568h@2x.png in Resources */,
			);
			runOnlyForDeploymentPostprocessing = 0;
		};
/* End PBXResourcesBuildPhase section */

/* Begin PBXSourcesBuildPhase section */
		4278B784166B85E800D0FE59 /* Sources */ = {
			isa = PBXSourcesBuildPhase;
			buildActionMask = 2147483647;
			files = (
				4278B793166B85E800D0FE59 /* AFKit.m in Sources */,
				4278B7C5166B913400D0FE59 /* AFModel.m in Sources */,
			);
			runOnlyForDeploymentPostprocessing = 0;
		};
		4278B799166B860700D0FE59 /* Sources */ = {
			isa = PBXSourcesBuildPhase;
			buildActionMask = 2147483647;
			files = (
				4278B7AB166B860800D0FE59 /* main.m in Sources */,
				4278B7AF166B860800D0FE59 /* AppDelegate.m in Sources */,
				4278B7B9166B862D00D0FE59 /* AFKit.m in Sources */,
				4278B7C6166B913400D0FE59 /* AFModel.m in Sources */,
			);
			runOnlyForDeploymentPostprocessing = 0;
		};
/* End PBXSourcesBuildPhase section */

/* Begin PBXVariantGroup section */
		4278B7A7166B860800D0FE59 /* InfoPlist.strings */ = {
			isa = PBXVariantGroup;
			children = (
				4278B7A8166B860800D0FE59 /* en */,
			);
			name = InfoPlist.strings;
			sourceTree = "<group>";
		};
/* End PBXVariantGroup section */

/* Begin XCBuildConfiguration section */
		4278B794166B85E800D0FE59 /* Debug */ = {
			isa = XCBuildConfiguration;
			buildSettings = {
				ALWAYS_SEARCH_USER_PATHS = NO;
				CLANG_CXX_LANGUAGE_STANDARD = "gnu++0x";
				CLANG_CXX_LIBRARY = "libc++";
				CLANG_ENABLE_OBJC_ARC = YES;
				CLANG_WARN_EMPTY_BODY = YES;
				CLANG_WARN__DUPLICATE_METHOD_MATCH = YES;
				COPY_PHASE_STRIP = NO;
				GCC_C_LANGUAGE_STANDARD = gnu99;
				GCC_DYNAMIC_NO_PIC = NO;
				GCC_OPTIMIZATION_LEVEL = 0;
				GCC_PREPROCESSOR_DEFINITIONS = (
					"DEBUG=1",
					"$(inherited)",
				);
				GCC_SYMBOLS_PRIVATE_EXTERN = NO;
				GCC_WARN_ABOUT_RETURN_TYPE = YES;
				GCC_WARN_UNINITIALIZED_AUTOS = YES;
				GCC_WARN_UNUSED_VARIABLE = YES;
				IPHONEOS_DEPLOYMENT_TARGET = 6.0;
				ONLY_ACTIVE_ARCH = YES;
				SDKROOT = iphoneos;
			};
			name = Debug;
		};
		4278B795166B85E800D0FE59 /* Release */ = {
			isa = XCBuildConfiguration;
			buildSettings = {
				ALWAYS_SEARCH_USER_PATHS = NO;
				CLANG_CXX_LANGUAGE_STANDARD = "gnu++0x";
				CLANG_CXX_LIBRARY = "libc++";
				CLANG_ENABLE_OBJC_ARC = YES;
				CLANG_WARN_EMPTY_BODY = YES;
				CLANG_WARN__DUPLICATE_METHOD_MATCH = YES;
				COPY_PHASE_STRIP = YES;
				GCC_C_LANGUAGE_STANDARD = gnu99;
				GCC_WARN_ABOUT_RETURN_TYPE = YES;
				GCC_WARN_UNINITIALIZED_AUTOS = YES;
				GCC_WARN_UNUSED_VARIABLE = YES;
				IPHONEOS_DEPLOYMENT_TARGET = 6.0;
				SDKROOT = iphoneos;
				VALIDATE_PRODUCT = YES;
			};
			name = Release;
		};
		4278B797166B85E800D0FE59 /* Debug */ = {
			isa = XCBuildConfiguration;
			buildSettings = {
				DSTROOT = /tmp/AFKit.dst;
				GCC_PRECOMPILE_PREFIX_HEADER = YES;
				GCC_PREFIX_HEADER = "AFKit/AFKit-Prefix.pch";
				OTHER_LDFLAGS = "-ObjC";
				PRODUCT_NAME = "$(TARGET_NAME)";
				SKIP_INSTALL = YES;
			};
			name = Debug;
		};
		4278B798166B85E800D0FE59 /* Release */ = {
			isa = XCBuildConfiguration;
			buildSettings = {
				DSTROOT = /tmp/AFKit.dst;
				GCC_PRECOMPILE_PREFIX_HEADER = YES;
				GCC_PREFIX_HEADER = "AFKit/AFKit-Prefix.pch";
				OTHER_LDFLAGS = "-ObjC";
				PRODUCT_NAME = "$(TARGET_NAME)";
				SKIP_INSTALL = YES;
			};
			name = Release;
		};
		4278B7B7166B860800D0FE59 /* Debug */ = {
			isa = XCBuildConfiguration;
			buildSettings = {
				"CODE_SIGN_IDENTITY[sdk=iphoneos*]" = "iPhone Developer";
				GCC_PRECOMPILE_PREFIX_HEADER = YES;
				GCC_PREFIX_HEADER = "AFKitDemo/AFKitDemo-Prefix.pch";
				INFOPLIST_FILE = "AFKitDemo/AFKitDemo-Info.plist";
				PRODUCT_NAME = "$(TARGET_NAME)";
				WRAPPER_EXTENSION = app;
			};
			name = Debug;
		};
		4278B7B8166B860800D0FE59 /* Release */ = {
			isa = XCBuildConfiguration;
			buildSettings = {
				"CODE_SIGN_IDENTITY[sdk=iphoneos*]" = "iPhone Developer";
				GCC_PRECOMPILE_PREFIX_HEADER = YES;
				GCC_PREFIX_HEADER = "AFKitDemo/AFKitDemo-Prefix.pch";
				INFOPLIST_FILE = "AFKitDemo/AFKitDemo-Info.plist";
				OTHER_CFLAGS = "-DNS_BLOCK_ASSERTIONS=1";
				PRODUCT_NAME = "$(TARGET_NAME)";
				WRAPPER_EXTENSION = app;
			};
			name = Release;
		};
/* End XCBuildConfiguration section */

/* Begin XCConfigurationList section */
		4278B782166B85E800D0FE59 /* Build configuration list for PBXProject "AFKit" */ = {
			isa = XCConfigurationList;
			buildConfigurations = (
				4278B794166B85E800D0FE59 /* Debug */,
				4278B795166B85E800D0FE59 /* Release */,
			);
			defaultConfigurationIsVisible = 0;
			defaultConfigurationName = Release;
		};
		4278B796166B85E800D0FE59 /* Build configuration list for PBXNativeTarget "AFKit" */ = {
			isa = XCConfigurationList;
			buildConfigurations = (
				4278B797166B85E800D0FE59 /* Debug */,
				4278B798166B85E800D0FE59 /* Release */,
			);
			defaultConfigurationIsVisible = 0;
		};
		4278B7B6166B860800D0FE59 /* Build configuration list for PBXNativeTarget "AFKitDemo" */ = {
			isa = XCConfigurationList;
			buildConfigurations = (
				4278B7B7166B860800D0FE59 /* Debug */,
				4278B7B8166B860800D0FE59 /* Release */,
			);
			defaultConfigurationIsVisible = 0;
		};
/* End XCConfigurationList section */
	};
	rootObject = 4278B77F166B85E800D0FE59 /* Project object */;
}
